
Microsoft Visual Studio Solution File, Format Version 12.00
# Visual Studio Version 17
VisualStudioVersion = 17.11.35222.181
MinimumVisualStudioVersion = 10.0.40219.1
Project("{FAE04EC0-301F-11D3-BF4B-00C04F79EFBC}") = "EntityFrameworkDbFirstProject", "EntityFrameworkDbFirstProject.csproj", "{790232D6-39D7-4C34-AA6C-1E4D1AAA5BEB}"
EndProject
Global
	GlobalSection(SolutionConfigurationPlatforms) = preSolution
		Debug|Any CPU = Debug|Any CPU
		Release|Any CPU = Release|Any CPU
	EndGlobalSection
	GlobalSection(ProjectConfigurationPlatforms) = postSolution
		{790232D6-39D7-4C34-AA6C-1E4D1AAA5BEB}.Debug|Any CPU.ActiveCfg = Debug|Any CPU
		{790232D6-39D7-4C34-AA6C-1E4D1AAA5BEB}.Debug|Any CPU.Build.0 = Debug|Any CPU
		{790232D6-39D7-4C34-AA6C-1E4D1AAA5BEB}.Release|Any CPU.ActiveCfg = Release|Any CPU
		{790232D6-39D7-4C34-AA6C-1E4D1AAA5BEB}.Release|Any CPU.Build.0 = Release|Any CPU
	EndGlobalSection
	GlobalSection(SolutionProperties) = preSolution
		HideSolutionNode = FALSE
	EndGlobalSection
	GlobalSection(ExtensibilityGlobals) = postSolution
		SolutionGuid = {591081D5-F0BC-4A6F-BF7F-18BED92B9E6E}
	EndGlobalSection
EndGlobal
